
Microsoft Visual Studio Solution File, Format Version 12.00
# Visual Studio Version 16
VisualStudioVersion = 16.0.808.10
MinimumVisualStudioVersion = 10.0.40219.1
Project("{FAE04EC0-301F-11D3-BF4B-00C04F79EFBC}") = "tictactoe", "tictactoe\tictactoe.csproj", "{B1E0CF5C-D571-4BEF-A5AE-9597A782B21F}"
EndProject
Global
	GlobalSection(SolutionConfigurationPlatforms) = preSolution
		Debug|Any CPU = Debug|Any CPU
		Release|Any CPU = Release|Any CPU
	EndGlobalSection
	GlobalSection(ProjectConfigurationPlatforms) = postSolution
		{B1E0CF5C-D571-4BEF-A5AE-9597A782B21F}.Debug|Any CPU.ActiveCfg = Debug|Any CPU
		{B1E0CF5C-D571-4BEF-A5AE-9597A782B21F}.Debug|Any CPU.Build.0 = Debug|Any CPU
		{B1E0CF5C-D571-4BEF-A5AE-9597A782B21F}.Release|Any CPU.ActiveCfg = Release|Any CPU
		{B1E0CF5C-D571-4BEF-A5AE-9597A782B21F}.Release|Any CPU.Build.0 = Release|Any CPU
	EndGlobalSection
	GlobalSection(SolutionProperties) = preSolution
		HideSolutionNode = FALSE
	EndGlobalSection
	GlobalSection(ExtensibilityGlobals) = postSolution
		SolutionGuid = {92C07C98-1867-4907-AC07-78121511EFD6}
	EndGlobalSection
EndGlobal
